
Microsoft Visual Studio Solution File, Format Version 12.00
# Visual Studio Version 16
VisualStudioVersion = 16.0.30523.141
MinimumVisualStudioVersion = 10.0.40219.1
Project("{888888A0-9F3D-457C-B088-3A5042F75D52}") = "REV_REST_API", "REV_REST_API.pyproj", "{E7347F81-E995-4994-955A-B69725F899E7}"
EndProject
Global
	GlobalSection(SolutionConfigurationPlatforms) = preSolution
		Debug|Any CPU = Debug|Any CPU
		Release|Any CPU = Release|Any CPU
	EndGlobalSection
	GlobalSection(ProjectConfigurationPlatforms) = postSolution
		{E7347F81-E995-4994-955A-B69725F899E7}.Debug|Any CPU.ActiveCfg = Debug|Any CPU
		{E7347F81-E995-4994-955A-B69725F899E7}.Debug|Any CPU.Build.0 = Debug|Any CPU
		{E7347F81-E995-4994-955A-B69725F899E7}.Release|Any CPU.ActiveCfg = Release|Any CPU
		{E7347F81-E995-4994-955A-B69725F899E7}.Release|Any CPU.Build.0 = Release|Any CPU
	EndGlobalSection
	GlobalSection(SolutionProperties) = preSolution
		HideSolutionNode = FALSE
	EndGlobalSection
	GlobalSection(ExtensibilityGlobals) = postSolution
		SolutionGuid = {31CFC4EA-CE6A-4371-B518-D5288483BF87}
	EndGlobalSection
EndGlobal
